
Microsoft Visual Studio Solution File, Format Version 12.00
# Visual Studio 14
VisualStudioVersion = 14.0.25123.0
MinimumVisualStudioVersion = 10.0.40219.1
Project("{CDB125C0-93B5-4BA2-8CCB-FD8A755A3761}") = "Sitecore.Support.251534", "Sitecore.Support.251534\Sitecore.Support.251534.csproj", "{09F3A390-D6FF-42F0-AD43-B02DB817A92E}"
EndProject
Global
	GlobalSection(SolutionConfigurationPlatforms) = preSolution
		Debug|Any CPU = Debug|Any CPU
		Release|Any CPU = Release|Any CPU
	EndGlobalSection
	GlobalSection(ProjectConfigurationPlatforms) = postSolution
		{09F3A390-D6FF-42F0-AD43-B02DB817A92E}.Debug|Any CPU.ActiveCfg = Debug|Any CPU
		{09F3A390-D6FF-42F0-AD43-B02DB817A92E}.Debug|Any CPU.Build.0 = Debug|Any CPU
		{09F3A390-D6FF-42F0-AD43-B02DB817A92E}.Release|Any CPU.ActiveCfg = Release|Any CPU
		{09F3A390-D6FF-42F0-AD43-B02DB817A92E}.Release|Any CPU.Build.0 = Release|Any CPU
	EndGlobalSection
	GlobalSection(SolutionProperties) = preSolution
		HideSolutionNode = FALSE
	EndGlobalSection
EndGlobal
